
Microsoft Visual Studio Solution File, Format Version 12.00
# Visual Studio Version 16
VisualStudioVersion = 25.0.1700.0
MinimumVisualStudioVersion = 10.0.40219.1
Project("{FAE04EC0-301F-11D3-BF4B-00C04F79EFBC}") = "Acme.Sdk.Common", "Acme.Sdk.Common\Acme.Sdk.Common.csproj", "{7C47CF5C-C1F0-4C8F-98CD-4E110EB4CF4F}"
EndProject
Project("{FAE04EC0-301F-11D3-BF4B-00C04F79EFBC}") = "Acme.Sdk.Api", "Acme.Sdk.Api\Acme.Sdk.Api.csproj", "{3738941E-37B6-4C8E-85ED-58A893AD4D20}"
EndProject
Project("{E53339B2-1760-4266-BCC7-CA923CBCF16C}") = "docker-compose", "docker-compose.dcproj", "{89317D6B-6844-4C52-AF04-BE2B83C0F7BD}"
EndProject
Project("{FAE04EC0-301F-11D3-BF4B-00C04F79EFBC}") = "Acme.Sdk.Math", "Acme.Sdk.Math\Acme.Sdk.Math.csproj", "{6E0D99CD-D844-4D25-BD45-9882A0F08682}"
EndProject
Global
	GlobalSection(SolutionConfigurationPlatforms) = preSolution
		Debug|Any CPU = Debug|Any CPU
		Release|Any CPU = Release|Any CPU
	EndGlobalSection
	GlobalSection(ProjectConfigurationPlatforms) = postSolution
		{7C47CF5C-C1F0-4C8F-98CD-4E110EB4CF4F}.Debug|Any CPU.ActiveCfg = Debug|Any CPU
		{7C47CF5C-C1F0-4C8F-98CD-4E110EB4CF4F}.Debug|Any CPU.Build.0 = Debug|Any CPU
		{7C47CF5C-C1F0-4C8F-98CD-4E110EB4CF4F}.Release|Any CPU.ActiveCfg = Release|Any CPU
		{7C47CF5C-C1F0-4C8F-98CD-4E110EB4CF4F}.Release|Any CPU.Build.0 = Release|Any CPU
		{3738941E-37B6-4C8E-85ED-58A893AD4D20}.Debug|Any CPU.ActiveCfg = Debug|Any CPU
		{3738941E-37B6-4C8E-85ED-58A893AD4D20}.Debug|Any CPU.Build.0 = Debug|Any CPU
		{3738941E-37B6-4C8E-85ED-58A893AD4D20}.Release|Any CPU.ActiveCfg = Release|Any CPU
		{3738941E-37B6-4C8E-85ED-58A893AD4D20}.Release|Any CPU.Build.0 = Release|Any CPU
		{89317D6B-6844-4C52-AF04-BE2B83C0F7BD}.Debug|Any CPU.ActiveCfg = Debug|Any CPU
		{89317D6B-6844-4C52-AF04-BE2B83C0F7BD}.Debug|Any CPU.Build.0 = Debug|Any CPU
		{89317D6B-6844-4C52-AF04-BE2B83C0F7BD}.Release|Any CPU.ActiveCfg = Release|Any CPU
		{89317D6B-6844-4C52-AF04-BE2B83C0F7BD}.Release|Any CPU.Build.0 = Release|Any CPU
		{6E0D99CD-D844-4D25-BD45-9882A0F08682}.Debug|Any CPU.ActiveCfg = Debug|Any CPU
		{6E0D99CD-D844-4D25-BD45-9882A0F08682}.Debug|Any CPU.Build.0 = Debug|Any CPU
		{6E0D99CD-D844-4D25-BD45-9882A0F08682}.Release|Any CPU.ActiveCfg = Release|Any CPU
		{6E0D99CD-D844-4D25-BD45-9882A0F08682}.Release|Any CPU.Build.0 = Release|Any CPU
	EndGlobalSection
	GlobalSection(SolutionProperties) = preSolution
		HideSolutionNode = FALSE
	EndGlobalSection
	GlobalSection(ExtensibilityGlobals) = postSolution
		SolutionGuid = {F6B8A7F5-1260-45F7-AD41-4213270E17F8}
	EndGlobalSection
EndGlobal
